{
  "name": "basic",
  "version": "1.0.0",
  "lockfileVersion": 2,
  "requires": true,
  "packages": {
    "": {
      "name": "basic",
      "version": "1.0.0",
      "license": "ISC",
      "dependencies": {
        "ecs": "^0.13.1"
      }
    },
    "node_modules/ecs": {
      "version": "0.13.1",
      "resolved": "https://registry.npmjs.org/ecs/-/ecs-0.13.1.tgz",
      "integrity": "sha512-Z522wy93FdNJeDPvww+zpqaQAtJm4gy6G7y6IDcUjW3GKh9fUdTRQHcROJDkDIFoFaom1WxHZkaPWj/7BSdOIA==",
      "dependencies": {
        "remove-array-items": "^3.0.0"
      },
      "engines": {
        "node": ">=12.17"
      }
    },
    "node_modules/remove-array-items": {
      "version": "3.0.0",
      "resolved": "https://registry.npmjs.org/remove-array-items/-/remove-array-items-3.0.0.tgz",
      "integrity": "sha512-fTZZ7KJr940Rt/CSXTAOCvDNv0FYhdO/hb4RO3cDrqsRUQ8ALUYuSzWLO3I+0TgiIiPk/1UIAQggYodnXyh2RQ==",
      "engines": {
        "node": ">=12.17"
      }
    }
  },
  "dependencies": {
    "ecs": {
      "version": "0.13.1",
      "resolved": "https://registry.npmjs.org/ecs/-/ecs-0.13.1.tgz",
      "integrity": "sha512-Z522wy93FdNJeDPvww+zpqaQAtJm4gy6G7y6IDcUjW3GKh9fUdTRQHcROJDkDIFoFaom1WxHZkaPWj/7BSdOIA==",
      "requires": {
        "remove-array-items": "^3.0.0"
      }
    },
    "remove-array-items": {
      "version": "3.0.0",
      "resolved": "https://registry.npmjs.org/remove-array-items/-/remove-array-items-3.0.0.tgz",
      "integrity": "sha512-fTZZ7KJr940Rt/CSXTAOCvDNv0FYhdO/hb4RO3cDrqsRUQ8ALUYuSzWLO3I+0TgiIiPk/1UIAQggYodnXyh2RQ=="
    }
  }
}
